
Microsoft Visual Studio Solution File, Format Version 12.00
Project("{2150E333-8FDC-42A3-9474-1A3956D46DE8}") = "EmployeeMS", "EmployeeMS", "{7329357D-DAD7-4B4D-9945-B5B0994E26CF}"
EndProject
Project("{FAE04EC0-301F-11D3-BF4B-00C04F79EFBC}") = "Employee.API", "Employee.API\Employee.API.csproj", "{08E78F61-6BCF-449B-883A-20ECA932BCCC}"
	ProjectSection(ProjectDependencies) = postProject
		{188A5C1F-8974-4977-BE32-41666888D89D} = {188A5C1F-8974-4977-BE32-41666888D89D}
	EndProjectSection
EndProject
Project("{FAE04EC0-301F-11D3-BF4B-00C04F79EFBC}") = "Employee.Repository", "Employee.Repository\Employee.Repository.csproj", "{188A5C1F-8974-4977-BE32-41666888D89D}"
EndProject
Project("{FAE04EC0-301F-11D3-BF4B-00C04F79EFBC}") = "Employee.Business", "Employee.Business\Employee.Business.csproj", "{07E04E56-937F-4143-9A12-F2523EDF1837}"
EndProject
Project("{FAE04EC0-301F-11D3-BF4B-00C04F79EFBC}") = "Employee.Shared", "Employee.Shared\Employee.Shared.csproj", "{DC62804F-7863-4EFD-A07B-7EE1965662CD}"
EndProject
Project("{2150E333-8FDC-42A3-9474-1A3956D46DE8}") = "AttendanceMS", "AttendanceMS", "{E4002519-9AB2-4AFC-8F20-8DF09E967B09}"
EndProject
Project("{FAE04EC0-301F-11D3-BF4B-00C04F79EFBC}") = "Attendance.API", "Attendance.API\Attendance.API.csproj", "{8DE59B37-48DB-44C1-B210-44C3D583919B}"
EndProject
Project("{FAE04EC0-301F-11D3-BF4B-00C04F79EFBC}") = "Attendance.Shared", "Attendance.Shared\Attendance.Shared.csproj", "{C0E08946-0341-4E1B-B0DF-BBD59BC5D0C9}"
EndProject
Project("{FAE04EC0-301F-11D3-BF4B-00C04F79EFBC}") = "Attendance.Repository", "Attendance.Repository\Attendance.Repository.csproj", "{1589AFE1-DD63-40EA-9FE3-F22052056CF1}"
EndProject
Project("{FAE04EC0-301F-11D3-BF4B-00C04F79EFBC}") = "Attendance.Business", "Attendance.Business\Attendance.Business.csproj", "{0DFE46F5-B83D-4C36-BBAE-8F7F59853A56}"
EndProject
Project("{FAE04EC0-301F-11D3-BF4B-00C04F79EFBC}") = "Attendance.Http", "Attendance.Http\Attendance.Http.csproj", "{3EC2BFE2-4F1F-4C82-A98B-FFA01EFBA8A2}"
EndProject
Project("{2150E333-8FDC-42A3-9474-1A3956D46DE8}") = "PayrollMS", "PayrollMS", "{B1BAD77F-6C87-4CED-878B-47B2809D7E49}"
EndProject
Project("{FAE04EC0-301F-11D3-BF4B-00C04F79EFBC}") = "Payroll.API", "Payroll.API\Payroll.API.csproj", "{1938F9DA-4378-4859-B1EE-E5E0D671002F}"
EndProject
Project("{FAE04EC0-301F-11D3-BF4B-00C04F79EFBC}") = "Payroll.Business", "Payroll.Business\Payroll.Business.csproj", "{60FBE297-4F3A-435A-AF56-45634B8B4C69}"
EndProject
Project("{FAE04EC0-301F-11D3-BF4B-00C04F79EFBC}") = "Payroll.Repository", "Payroll.Repository\Payroll.Repository.csproj", "{B2A8E460-D326-4F5F-B3D2-8BED6EF615B0}"
EndProject
Project("{FAE04EC0-301F-11D3-BF4B-00C04F79EFBC}") = "Payroll.Http", "Payroll.Http\Payroll.Http.csproj", "{C10722A6-391F-49E2-BE6D-4DBBE785A0D3}"
EndProject
Project("{FAE04EC0-301F-11D3-BF4B-00C04F79EFBC}") = "Payroll.Shared", "Payroll.Shared\Payroll.Shared.csproj", "{EE68DC5B-C44E-4635-8E3E-25C1BFA81B7D}"
EndProject
Global
	GlobalSection(SolutionConfigurationPlatforms) = preSolution
		Debug|Any CPU = Debug|Any CPU
		Release|Any CPU = Release|Any CPU
	EndGlobalSection
	GlobalSection(ProjectConfigurationPlatforms) = postSolution
		{08E78F61-6BCF-449B-883A-20ECA932BCCC}.Debug|Any CPU.ActiveCfg = Debug|Any CPU
		{08E78F61-6BCF-449B-883A-20ECA932BCCC}.Debug|Any CPU.Build.0 = Debug|Any CPU
		{08E78F61-6BCF-449B-883A-20ECA932BCCC}.Release|Any CPU.ActiveCfg = Release|Any CPU
		{08E78F61-6BCF-449B-883A-20ECA932BCCC}.Release|Any CPU.Build.0 = Release|Any CPU
		{188A5C1F-8974-4977-BE32-41666888D89D}.Debug|Any CPU.ActiveCfg = Debug|Any CPU
		{188A5C1F-8974-4977-BE32-41666888D89D}.Debug|Any CPU.Build.0 = Debug|Any CPU
		{188A5C1F-8974-4977-BE32-41666888D89D}.Release|Any CPU.ActiveCfg = Release|Any CPU
		{188A5C1F-8974-4977-BE32-41666888D89D}.Release|Any CPU.Build.0 = Release|Any CPU
		{07E04E56-937F-4143-9A12-F2523EDF1837}.Debug|Any CPU.ActiveCfg = Debug|Any CPU
		{07E04E56-937F-4143-9A12-F2523EDF1837}.Debug|Any CPU.Build.0 = Debug|Any CPU
		{07E04E56-937F-4143-9A12-F2523EDF1837}.Release|Any CPU.ActiveCfg = Release|Any CPU
		{07E04E56-937F-4143-9A12-F2523EDF1837}.Release|Any CPU.Build.0 = Release|Any CPU
		{DC62804F-7863-4EFD-A07B-7EE1965662CD}.Debug|Any CPU.ActiveCfg = Debug|Any CPU
		{DC62804F-7863-4EFD-A07B-7EE1965662CD}.Debug|Any CPU.Build.0 = Debug|Any CPU
		{DC62804F-7863-4EFD-A07B-7EE1965662CD}.Release|Any CPU.ActiveCfg = Release|Any CPU
		{DC62804F-7863-4EFD-A07B-7EE1965662CD}.Release|Any CPU.Build.0 = Release|Any CPU
		{8DE59B37-48DB-44C1-B210-44C3D583919B}.Debug|Any CPU.ActiveCfg = Debug|Any CPU
		{8DE59B37-48DB-44C1-B210-44C3D583919B}.Debug|Any CPU.Build.0 = Debug|Any CPU
		{8DE59B37-48DB-44C1-B210-44C3D583919B}.Release|Any CPU.ActiveCfg = Release|Any CPU
		{8DE59B37-48DB-44C1-B210-44C3D583919B}.Release|Any CPU.Build.0 = Release|Any CPU
		{C0E08946-0341-4E1B-B0DF-BBD59BC5D0C9}.Debug|Any CPU.ActiveCfg = Debug|Any CPU
		{C0E08946-0341-4E1B-B0DF-BBD59BC5D0C9}.Debug|Any CPU.Build.0 = Debug|Any CPU
		{C0E08946-0341-4E1B-B0DF-BBD59BC5D0C9}.Release|Any CPU.ActiveCfg = Release|Any CPU
		{C0E08946-0341-4E1B-B0DF-BBD59BC5D0C9}.Release|Any CPU.Build.0 = Release|Any CPU
		{1589AFE1-DD63-40EA-9FE3-F22052056CF1}.Debug|Any CPU.ActiveCfg = Debug|Any CPU
		{1589AFE1-DD63-40EA-9FE3-F22052056CF1}.Debug|Any CPU.Build.0 = Debug|Any CPU
		{1589AFE1-DD63-40EA-9FE3-F22052056CF1}.Release|Any CPU.ActiveCfg = Release|Any CPU
		{1589AFE1-DD63-40EA-9FE3-F22052056CF1}.Release|Any CPU.Build.0 = Release|Any CPU
		{0DFE46F5-B83D-4C36-BBAE-8F7F59853A56}.Debug|Any CPU.ActiveCfg = Debug|Any CPU
		{0DFE46F5-B83D-4C36-BBAE-8F7F59853A56}.Debug|Any CPU.Build.0 = Debug|Any CPU
		{0DFE46F5-B83D-4C36-BBAE-8F7F59853A56}.Release|Any CPU.ActiveCfg = Release|Any CPU
		{0DFE46F5-B83D-4C36-BBAE-8F7F59853A56}.Release|Any CPU.Build.0 = Release|Any CPU
		{3EC2BFE2-4F1F-4C82-A98B-FFA01EFBA8A2}.Debug|Any CPU.ActiveCfg = Debug|Any CPU
		{3EC2BFE2-4F1F-4C82-A98B-FFA01EFBA8A2}.Debug|Any CPU.Build.0 = Debug|Any CPU
		{3EC2BFE2-4F1F-4C82-A98B-FFA01EFBA8A2}.Release|Any CPU.ActiveCfg = Release|Any CPU
		{3EC2BFE2-4F1F-4C82-A98B-FFA01EFBA8A2}.Release|Any CPU.Build.0 = Release|Any CPU
		{1938F9DA-4378-4859-B1EE-E5E0D671002F}.Debug|Any CPU.ActiveCfg = Debug|Any CPU
		{1938F9DA-4378-4859-B1EE-E5E0D671002F}.Debug|Any CPU.Build.0 = Debug|Any CPU
		{1938F9DA-4378-4859-B1EE-E5E0D671002F}.Release|Any CPU.ActiveCfg = Release|Any CPU
		{1938F9DA-4378-4859-B1EE-E5E0D671002F}.Release|Any CPU.Build.0 = Release|Any CPU
		{60FBE297-4F3A-435A-AF56-45634B8B4C69}.Debug|Any CPU.ActiveCfg = Debug|Any CPU
		{60FBE297-4F3A-435A-AF56-45634B8B4C69}.Debug|Any CPU.Build.0 = Debug|Any CPU
		{60FBE297-4F3A-435A-AF56-45634B8B4C69}.Release|Any CPU.ActiveCfg = Release|Any CPU
		{60FBE297-4F3A-435A-AF56-45634B8B4C69}.Release|Any CPU.Build.0 = Release|Any CPU
		{B2A8E460-D326-4F5F-B3D2-8BED6EF615B0}.Debug|Any CPU.ActiveCfg = Debug|Any CPU
		{B2A8E460-D326-4F5F-B3D2-8BED6EF615B0}.Debug|Any CPU.Build.0 = Debug|Any CPU
		{B2A8E460-D326-4F5F-B3D2-8BED6EF615B0}.Release|Any CPU.ActiveCfg = Release|Any CPU
		{B2A8E460-D326-4F5F-B3D2-8BED6EF615B0}.Release|Any CPU.Build.0 = Release|Any CPU
		{C10722A6-391F-49E2-BE6D-4DBBE785A0D3}.Debug|Any CPU.ActiveCfg = Debug|Any CPU
		{C10722A6-391F-49E2-BE6D-4DBBE785A0D3}.Debug|Any CPU.Build.0 = Debug|Any CPU
		{C10722A6-391F-49E2-BE6D-4DBBE785A0D3}.Release|Any CPU.ActiveCfg = Release|Any CPU
		{C10722A6-391F-49E2-BE6D-4DBBE785A0D3}.Release|Any CPU.Build.0 = Release|Any CPU
		{EE68DC5B-C44E-4635-8E3E-25C1BFA81B7D}.Debug|Any CPU.ActiveCfg = Debug|Any CPU
		{EE68DC5B-C44E-4635-8E3E-25C1BFA81B7D}.Debug|Any CPU.Build.0 = Debug|Any CPU
		{EE68DC5B-C44E-4635-8E3E-25C1BFA81B7D}.Release|Any CPU.ActiveCfg = Release|Any CPU
		{EE68DC5B-C44E-4635-8E3E-25C1BFA81B7D}.Release|Any CPU.Build.0 = Release|Any CPU
	EndGlobalSection
	GlobalSection(NestedProjects) = preSolution
		{08E78F61-6BCF-449B-883A-20ECA932BCCC} = {7329357D-DAD7-4B4D-9945-B5B0994E26CF}
		{188A5C1F-8974-4977-BE32-41666888D89D} = {7329357D-DAD7-4B4D-9945-B5B0994E26CF}
		{07E04E56-937F-4143-9A12-F2523EDF1837} = {7329357D-DAD7-4B4D-9945-B5B0994E26CF}
		{DC62804F-7863-4EFD-A07B-7EE1965662CD} = {7329357D-DAD7-4B4D-9945-B5B0994E26CF}
		{8DE59B37-48DB-44C1-B210-44C3D583919B} = {E4002519-9AB2-4AFC-8F20-8DF09E967B09}
		{C0E08946-0341-4E1B-B0DF-BBD59BC5D0C9} = {E4002519-9AB2-4AFC-8F20-8DF09E967B09}
		{1589AFE1-DD63-40EA-9FE3-F22052056CF1} = {E4002519-9AB2-4AFC-8F20-8DF09E967B09}
		{0DFE46F5-B83D-4C36-BBAE-8F7F59853A56} = {E4002519-9AB2-4AFC-8F20-8DF09E967B09}
		{3EC2BFE2-4F1F-4C82-A98B-FFA01EFBA8A2} = {E4002519-9AB2-4AFC-8F20-8DF09E967B09}
		{1938F9DA-4378-4859-B1EE-E5E0D671002F} = {B1BAD77F-6C87-4CED-878B-47B2809D7E49}
		{60FBE297-4F3A-435A-AF56-45634B8B4C69} = {B1BAD77F-6C87-4CED-878B-47B2809D7E49}
		{B2A8E460-D326-4F5F-B3D2-8BED6EF615B0} = {B1BAD77F-6C87-4CED-878B-47B2809D7E49}
		{C10722A6-391F-49E2-BE6D-4DBBE785A0D3} = {B1BAD77F-6C87-4CED-878B-47B2809D7E49}
		{EE68DC5B-C44E-4635-8E3E-25C1BFA81B7D} = {B1BAD77F-6C87-4CED-878B-47B2809D7E49}
	EndGlobalSection
EndGlobal
